
Microsoft Visual Studio Solution File, Format Version 12.00
# Visual Studio Version 17
VisualStudioVersion = 17.11.35312.102
MinimumVisualStudioVersion = 10.0.40219.1
Project("{FAE04EC0-301F-11D3-BF4B-00C04F79EFBC}") = "BankApp", "BankApp\BankApp.csproj", "{9EF4D945-3CA8-4247-A020-51DB9D5FF7A7}"
EndProject
Project("{FAE04EC0-301F-11D3-BF4B-00C04F79EFBC}") = "DatabaseManagement", "DatabaseManagement\DatabaseManagement.csproj", "{7BB942A6-E7E6-4567-A382-E0B2573006AC}"
EndProject
Project("{FAE04EC0-301F-11D3-BF4B-00C04F79EFBC}") = "BankApp.Tests", "BankApp.Tests\BankApp.Tests.csproj", "{ED74032D-DA29-4899-8203-356212E8CEEB}"
EndProject
Global
	GlobalSection(SolutionConfigurationPlatforms) = preSolution
		Debug|Any CPU = Debug|Any CPU
		Release|Any CPU = Release|Any CPU
	EndGlobalSection
	GlobalSection(ProjectConfigurationPlatforms) = postSolution
		{9EF4D945-3CA8-4247-A020-51DB9D5FF7A7}.Debug|Any CPU.ActiveCfg = Debug|Any CPU
		{9EF4D945-3CA8-4247-A020-51DB9D5FF7A7}.Debug|Any CPU.Build.0 = Debug|Any CPU
		{9EF4D945-3CA8-4247-A020-51DB9D5FF7A7}.Release|Any CPU.ActiveCfg = Release|Any CPU
		{9EF4D945-3CA8-4247-A020-51DB9D5FF7A7}.Release|Any CPU.Build.0 = Release|Any CPU
		{7BB942A6-E7E6-4567-A382-E0B2573006AC}.Debug|Any CPU.ActiveCfg = Debug|Any CPU
		{7BB942A6-E7E6-4567-A382-E0B2573006AC}.Debug|Any CPU.Build.0 = Debug|Any CPU
		{7BB942A6-E7E6-4567-A382-E0B2573006AC}.Release|Any CPU.ActiveCfg = Release|Any CPU
		{7BB942A6-E7E6-4567-A382-E0B2573006AC}.Release|Any CPU.Build.0 = Release|Any CPU
		{ED74032D-DA29-4899-8203-356212E8CEEB}.Debug|Any CPU.ActiveCfg = Debug|Any CPU
		{ED74032D-DA29-4899-8203-356212E8CEEB}.Debug|Any CPU.Build.0 = Debug|Any CPU
		{ED74032D-DA29-4899-8203-356212E8CEEB}.Release|Any CPU.ActiveCfg = Release|Any CPU
		{ED74032D-DA29-4899-8203-356212E8CEEB}.Release|Any CPU.Build.0 = Release|Any CPU
	EndGlobalSection
	GlobalSection(SolutionProperties) = preSolution
		HideSolutionNode = FALSE
	EndGlobalSection
	GlobalSection(ExtensibilityGlobals) = postSolution
		SolutionGuid = {0245BE36-4EE5-44D4-AD40-F8B6FE83BA41}
	EndGlobalSection
EndGlobal
